
Microsoft Visual Studio Solution File, Format Version 12.00
# Visual Studio Version 17
VisualStudioVersion = 17.11.35327.3
MinimumVisualStudioVersion = 10.0.40219.1
Project("{9A19103F-16F7-4668-BE54-9A1E7A4F7556}") = "CineComplexMVC", "CineComplexMVC.csproj", "{0722C206-D857-4A23-9B6E-196C0B3BC0B9}"
EndProject
Global
	GlobalSection(SolutionConfigurationPlatforms) = preSolution
		Debug|Any CPU = Debug|Any CPU
		Release|Any CPU = Release|Any CPU
	EndGlobalSection
	GlobalSection(ProjectConfigurationPlatforms) = postSolution
		{0722C206-D857-4A23-9B6E-196C0B3BC0B9}.Debug|Any CPU.ActiveCfg = Debug|Any CPU
		{0722C206-D857-4A23-9B6E-196C0B3BC0B9}.Debug|Any CPU.Build.0 = Debug|Any CPU
		{0722C206-D857-4A23-9B6E-196C0B3BC0B9}.Release|Any CPU.ActiveCfg = Release|Any CPU
		{0722C206-D857-4A23-9B6E-196C0B3BC0B9}.Release|Any CPU.Build.0 = Release|Any CPU
	EndGlobalSection
	GlobalSection(SolutionProperties) = preSolution
		HideSolutionNode = FALSE
	EndGlobalSection
	GlobalSection(ExtensibilityGlobals) = postSolution
		SolutionGuid = {966F0A24-9C3E-4578-BAE6-F5D6E667452C}
	EndGlobalSection
EndGlobal
